{"_meta":{"file-type":"spack-lockfile","lockfile-version":5,"specfile-version":4},"spack":{"version":"0.24.0.dev0","type":"release"},"roots":[{"hash":"5p6iy2wfj56uxabsgswtooczistj557v","spec":"gcc@14+binutils+profiled build_type=Release"},{"hash":"2dy6vs34awbcqxmlt7nkdzhabnkbegem","spec":"gmake@4.4:"},{"hash":"qspmlifl3tbccoj3aqqvssqlaav4zbi4","spec":"binutils+gas+ld"}],"concrete_specs":{"5p6iy2wfj56uxabsgswtooczistj557v":{"name":"gcc","version":"14.2.0","arch":{"platform":"linux","platform_os":"ubuntu18.04","target":"aarch64"},"compiler":{"name":"gcc","version":"7.5.0"},"namespace":"builtin","parameters":{"binutils":true,"bootstrap":true,"build_system":"autotools","build_type":"Release","graphite":false,"languages":["c","c++","fortran"],"mold":false,"nvptx":false,"piclibs":false,"profiled":true,"strip":false,"cflags":[],"cppflags":[],"cxxflags":[],"fflags":[],"ldflags":[],"ldlibs":[]},"package_hash":"z4ngmlnugv7cpoqdobd7muinqjvthfy3wmb23mnebeajexghzqnq====","dependencies":[{"name":"binutils","hash":"qspmlifl3tbccoj3aqqvssqlaav4zbi4","parameters":{"deptypes":["build","link","run"],"virtuals":[]}},{"name":"diffutils","hash":"tyink3ge7topgrexqdkqerssp2ckfzhy","parameters":{"deptypes":["build"],"virtuals":[]}},{"name":"gawk","hash":"aybac45ql4moph5kk2txgulxeuzsqhz7","parameters":{"deptypes":["build"],"virtuals":[]}},{"name":"gcc-runtime","hash":"hf5htnzgbvq5cqnn6uguzhgexga7yedf","parameters":{"deptypes":["link"],"virtuals":[]}},{"name":"glibc","hash":"lqj7p7bx7qmkfc2eegfqk5kkeqbkalsk","parameters":{"deptypes":["link"],"virtuals":["libc"]}},{"name":"gmake","hash":"2dy6vs34awbcqxmlt7nkdzhabnkbegem","parameters":{"deptypes":["build"],"virtuals":[]}},{"name":"gmp","hash":"nzyky7daejtmyntkuba4hstoahnrdlt4","parameters":{"deptypes":["build","link"],"virtuals":[]}},{"name":"gnuconfig","hash":"lxtihcqh6xhvj2f6leadnn2n6hcecev7","parameters":{"deptypes":["build"],"virtuals":[]}},{"name":"libtool","hash":"6yncb7cjrydvbaq7is3n2t6dkylz5xm7","parameters":{"deptypes":["build"],"virtuals":[]}},{"name":"mpc","hash":"akqoaufesyqfs4cguym7okxjlmbxmgyg","parameters":{"deptypes":["build","link"],"virtuals":[]}},{"name":"mpfr","hash":"oycfdhkfcsstwgt6bnsnch2zfhus7m2w","parameters":{"deptypes":["build","link"],"virtuals":[]}},{"name":"perl","hash":"6v7sdleag23ic2t2k2pclhkta2h6qqsr","parameters":{"deptypes":["build"],"virtuals":[]}},{"name":"texinfo","hash":"bii6ghirr4fvuc4k5532hqo4khsmn2dp","parameters":{"deptypes":["build"],"virtuals":[]}},{"name":"zlib-ng","hash":"twtcywma7vepfourbpf2bryasxcn76rv","parameters":{"deptypes":["build","link"],"virtuals":["zlib-api"]}},{"name":"zstd","hash":"hj6nppd4kaja665flutjo2czed73uf74","parameters":{"deptypes":["build","link"],"virtuals":[]}}],"hash":"5p6iy2wfj56uxabsgswtooczistj557v"},"qspmlifl3tbccoj3aqqvssqlaav4zbi4":{"name":"binutils","version":"2.43.1","arch":{"platform":"linux","platform_os":"ubuntu18.04","target":"aarch64"},"compiler":{"name":"gcc","version":"7.5.0"},"namespace":"builtin","parameters":{"build_system":"autotools","compress_debug_sections":"zlib","gas":true,"gold":false,"gprofng":false,"headers":false,"interwork":false,"ld":true,"libiberty":false,"libs":["shared","static"],"lto":false,"nls":false,"pgo":false,"plugins":true,"cflags":[],"cppflags":[],"cxxflags":[],"fflags":[],"ldflags":[],"ldlibs":[]},"package_hash":"brxi3inkmjzehbtem224umkosd2bhssl7xkbkd3dbdbprmyflysa====","dependencies":[{"name":"diffutils","hash":"tyink3ge7topgrexqdkqerssp2ckfzhy","parameters":{"deptypes":["build"],"virtuals":[]}},{"name":"gcc-runtime","hash":"hf5htnzgbvq5cqnn6uguzhgexga7yedf","parameters":{"deptypes":["link"],"virtuals":[]}},{"name":"glibc","hash":"lqj7p7bx7qmkfc2eegfqk5kkeqbkalsk","parameters":{"deptypes":["link"],"virtuals":["libc"]}},{"name":"gmake","hash":"2dy6vs34awbcqxmlt7nkdzhabnkbegem","parameters":{"deptypes":["build"],"virtuals":[]}},{"name":"gnuconfig","hash":"lxtihcqh6xhvj2f6leadnn2n6hcecev7","parameters":{"deptypes":["build"],"virtuals":[]}},{"name":"pkgconf","hash":"5jw3t5tnvcx2b344roq5upxrj5rn2oxg","parameters":{"deptypes":["build"],"virtuals":["pkgconfig"]}},{"name":"zlib-ng","hash":"twtcywma7vepfourbpf2bryasxcn76rv","parameters":{"deptypes":["build","link"],"virtuals":["zlib-api"]}},{"name":"zstd","hash":"hj6nppd4kaja665flutjo2czed73uf74","parameters":{"deptypes":["build","link"],"virtuals":[]}}],"hash":"qspmlifl3tbccoj3aqqvssqlaav4zbi4"},"tyink3ge7topgrexqdkqerssp2ckfzhy":{"name":"diffutils","version":"3.10","arch":{"platform":"linux","platform_os":"ubuntu18.04","target":"aarch64"},"compiler":{"name":"gcc","version":"7.5.0"},"namespace":"builtin","parameters":{"build_system":"autotools","cflags":[],"cppflags":[],"cxxflags":[],"fflags":[],"ldflags":[],"ldlibs":[]},"package_hash":"kbmzdy7mgklc24qx55cvx7kq7hceby2yav4fnf64gfdo7epdghwa====","dependencies":[{"name":"gcc-runtime","hash":"hf5htnzgbvq5cqnn6uguzhgexga7yedf","parameters":{"deptypes":["link"],"virtuals":[]}},{"name":"glibc","hash":"lqj7p7bx7qmkfc2eegfqk5kkeqbkalsk","parameters":{"deptypes":["link"],"virtuals":["libc"]}},{"name":"gmake","hash":"2dy6vs34awbcqxmlt7nkdzhabnkbegem","parameters":{"deptypes":["build"],"virtuals":[]}},{"name":"gnuconfig","hash":"lxtihcqh6xhvj2f6leadnn2n6hcecev7","parameters":{"deptypes":["build"],"virtuals":[]}},{"name":"libiconv","hash":"sd6qkgppmfrbodrh6t276xab7y2yyehj","parameters":{"deptypes":["build","link"],"virtuals":["iconv"]}}],"hash":"tyink3ge7topgrexqdkqerssp2ckfzhy"},"hf5htnzgbvq5cqnn6uguzhgexga7yedf":{"name":"gcc-runtime","version":"7.5.0","arch":{"platform":"linux","platform_os":"ubuntu18.04","target":"aarch64"},"compiler":{"name":"gcc","version":"7.5.0"},"namespace":"builtin","parameters":{"build_system":"generic","cflags":[],"cppflags":[],"cxxflags":[],"fflags":[],"ldflags":[],"ldlibs":[]},"package_hash":"4h323feaud46fenykfttobmhylljxnneuct3aewqlr57imcar4ka====","dependencies":[{"name":"glibc","hash":"lqj7p7bx7qmkfc2eegfqk5kkeqbkalsk","parameters":{"deptypes":["link"],"virtuals":["libc"]}}],"hash":"hf5htnzgbvq5cqnn6uguzhgexga7yedf"},"lqj7p7bx7qmkfc2eegfqk5kkeqbkalsk":{"name":"glibc","version":"2.27","arch":{"platform":"linux","platform_os":"ubuntu18.04","target":"aarch64"},"compiler":{"name":"gcc","version":"7.5.0"},"namespace":"builtin","parameters":{"build_system":"autotools","cflags":[],"cppflags":[],"cxxflags":[],"fflags":[],"ldflags":[],"ldlibs":[]},"external":{"path":"/usr","module":null,"extra_attributes":{}},"package_hash":"pgwfzjfuh3itujj6z5kogcbilhwnxuk2u7e6f34k53omltgbtqhq====","hash":"lqj7p7bx7qmkfc2eegfqk5kkeqbkalsk"},"2dy6vs34awbcqxmlt7nkdzhabnkbegem":{"name":"gmake","version":"4.4.1","arch":{"platform":"linux","platform_os":"ubuntu18.04","target":"aarch64"},"compiler":{"name":"gcc","version":"7.5.0"},"namespace":"builtin","parameters":{"build_system":"generic","guile":false,"cflags":[],"cppflags":[],"cxxflags":[],"fflags":[],"ldflags":[],"ldlibs":[]},"package_hash":"rpzjfobv7qh3wevti34nlbd2emtw5mnyszqmkyiq5jiq33xm7qzq====","dependencies":[{"name":"gcc-runtime","hash":"hf5htnzgbvq5cqnn6uguzhgexga7yedf","parameters":{"deptypes":["link"],"virtuals":[]}},{"name":"glibc","hash":"lqj7p7bx7qmkfc2eegfqk5kkeqbkalsk","parameters":{"deptypes":["link"],"virtuals":["libc"]}}],"hash":"2dy6vs34awbcqxmlt7nkdzhabnkbegem"},"lxtihcqh6xhvj2f6leadnn2n6hcecev7":{"name":"gnuconfig","version":"2024-07-27","arch":{"platform":"linux","platform_os":"ubuntu18.04","target":"aarch64"},"compiler":{"name":"gcc","version":"7.5.0"},"namespace":"builtin","parameters":{"build_system":"generic","cflags":[],"cppflags":[],"cxxflags":[],"fflags":[],"ldflags":[],"ldlibs":[]},"package_hash":"aar2tabf35425kgzryprq775xycug7xlbt4rkwvm4aj76dhlychq====","dependencies":[{"name":"gcc-runtime","hash":"hf5htnzgbvq5cqnn6uguzhgexga7yedf","parameters":{"deptypes":["link"],"virtuals":[]}},{"name":"glibc","hash":"lqj7p7bx7qmkfc2eegfqk5kkeqbkalsk","parameters":{"deptypes":["link"],"virtuals":["libc"]}}],"hash":"lxtihcqh6xhvj2f6leadnn2n6hcecev7"},"sd6qkgppmfrbodrh6t276xab7y2yyehj":{"name":"libiconv","version":"1.17","arch":{"platform":"linux","platform_os":"ubuntu18.04","target":"aarch64"},"compiler":{"name":"gcc","version":"7.5.0"},"namespace":"builtin","parameters":{"build_system":"autotools","libs":["shared","static"],"cflags":[],"cppflags":[],"cxxflags":[],"fflags":[],"ldflags":[],"ldlibs":[]},"package_hash":"ujsqmcknrabka5mhwwpbaf5rwxgopwoyxkskuwyqlcbynowgdvfa====","dependencies":[{"name":"gcc-runtime","hash":"hf5htnzgbvq5cqnn6uguzhgexga7yedf","parameters":{"deptypes":["link"],"virtuals":[]}},{"name":"glibc","hash":"lqj7p7bx7qmkfc2eegfqk5kkeqbkalsk","parameters":{"deptypes":["link"],"virtuals":["libc"]}},{"name":"gmake","hash":"2dy6vs34awbcqxmlt7nkdzhabnkbegem","parameters":{"deptypes":["build"],"virtuals":[]}},{"name":"gnuconfig","hash":"lxtihcqh6xhvj2f6leadnn2n6hcecev7","parameters":{"deptypes":["build"],"virtuals":[]}}],"hash":"sd6qkgppmfrbodrh6t276xab7y2yyehj"},"5jw3t5tnvcx2b344roq5upxrj5rn2oxg":{"name":"pkgconf","version":"2.2.0","arch":{"platform":"linux","platform_os":"ubuntu18.04","target":"aarch64"},"compiler":{"name":"gcc","version":"7.5.0"},"namespace":"builtin","parameters":{"build_system":"autotools","cflags":[],"cppflags":[],"cxxflags":[],"fflags":[],"ldflags":[],"ldlibs":[]},"package_hash":"gl6tpyarjlclzsal6wa4dtc7cdzprq36nbibalai4a6wgzblrseq====","dependencies":[{"name":"gcc-runtime","hash":"hf5htnzgbvq5cqnn6uguzhgexga7yedf","parameters":{"deptypes":["link"],"virtuals":[]}},{"name":"glibc","hash":"lqj7p7bx7qmkfc2eegfqk5kkeqbkalsk","parameters":{"deptypes":["link"],"virtuals":["libc"]}},{"name":"gmake","hash":"2dy6vs34awbcqxmlt7nkdzhabnkbegem","parameters":{"deptypes":["build"],"virtuals":[]}},{"name":"gnuconfig","hash":"lxtihcqh6xhvj2f6leadnn2n6hcecev7","parameters":{"deptypes":["build"],"virtuals":[]}}],"hash":"5jw3t5tnvcx2b344roq5upxrj5rn2oxg"},"twtcywma7vepfourbpf2bryasxcn76rv":{"name":"zlib-ng","version":"2.2.1","arch":{"platform":"linux","platform_os":"ubuntu18.04","target":"aarch64"},"compiler":{"name":"gcc","version":"7.5.0"},"namespace":"builtin","parameters":{"build_system":"autotools","compat":true,"new_strategies":true,"opt":true,"pic":true,"shared":true,"cflags":[],"cppflags":[],"cxxflags":[],"fflags":[],"ldflags":[],"ldlibs":[]},"package_hash":"quz4bvg6rlq2dfiuiolv46jb4y5figqhm2e3ky26ogmduaabs23a====","dependencies":[{"name":"gcc-runtime","hash":"hf5htnzgbvq5cqnn6uguzhgexga7yedf","parameters":{"deptypes":["link"],"virtuals":[]}},{"name":"glibc","hash":"lqj7p7bx7qmkfc2eegfqk5kkeqbkalsk","parameters":{"deptypes":["link"],"virtuals":["libc"]}},{"name":"gmake","hash":"2dy6vs34awbcqxmlt7nkdzhabnkbegem","parameters":{"deptypes":["build"],"virtuals":[]}},{"name":"gnuconfig","hash":"lxtihcqh6xhvj2f6leadnn2n6hcecev7","parameters":{"deptypes":["build"],"virtuals":[]}}],"hash":"twtcywma7vepfourbpf2bryasxcn76rv"},"hj6nppd4kaja665flutjo2czed73uf74":{"name":"zstd","version":"1.5.6","arch":{"platform":"linux","platform_os":"ubuntu18.04","target":"aarch64"},"compiler":{"name":"gcc","version":"7.5.0"},"namespace":"builtin","parameters":{"build_system":"makefile","compression":["none"],"libs":["shared","static"],"programs":true,"cflags":[],"cppflags":[],"cxxflags":[],"fflags":[],"ldflags":[],"ldlibs":[]},"package_hash":"uvmrov4c6unft6o4yd3jk3uqvweua3uhwdli4sw7h5wvklaf5t3q====","dependencies":[{"name":"gcc-runtime","hash":"hf5htnzgbvq5cqnn6uguzhgexga7yedf","parameters":{"deptypes":["link"],"virtuals":[]}},{"name":"glibc","hash":"lqj7p7bx7qmkfc2eegfqk5kkeqbkalsk","parameters":{"deptypes":["link"],"virtuals":["libc"]}},{"name":"gmake","hash":"2dy6vs34awbcqxmlt7nkdzhabnkbegem","parameters":{"deptypes":["build"],"virtuals":[]}}],"hash":"hj6nppd4kaja665flutjo2czed73uf74"},"aybac45ql4moph5kk2txgulxeuzsqhz7":{"name":"gawk","version":"5.3.1","arch":{"platform":"linux","platform_os":"ubuntu18.04","target":"aarch64"},"compiler":{"name":"gcc","version":"7.5.0"},"namespace":"builtin","parameters":{"build_system":"autotools","nls":false,"cflags":[],"cppflags":[],"cxxflags":[],"fflags":[],"ldflags":[],"ldlibs":[]},"package_hash":"tsrewxkp6bgv7xfy2hjvxjveawaw4pwcsz27zj2qsm4az2qr4gcq====","dependencies":[{"name":"gcc-runtime","hash":"hf5htnzgbvq5cqnn6uguzhgexga7yedf","parameters":{"deptypes":["link"],"virtuals":[]}},{"name":"glibc","hash":"lqj7p7bx7qmkfc2eegfqk5kkeqbkalsk","parameters":{"deptypes":["link"],"virtuals":["libc"]}},{"name":"gmake","hash":"2dy6vs34awbcqxmlt7nkdzhabnkbegem","parameters":{"deptypes":["build"],"virtuals":[]}},{"name":"gmp","hash":"nzyky7daejtmyntkuba4hstoahnrdlt4","parameters":{"deptypes":["build","link"],"virtuals":[]}},{"name":"gnuconfig","hash":"lxtihcqh6xhvj2f6leadnn2n6hcecev7","parameters":{"deptypes":["build"],"virtuals":[]}},{"name":"libsigsegv","hash":"semfemcdvegoxn2c3rp2brbayqqyjexk","parameters":{"deptypes":["build","link"],"virtuals":[]}},{"name":"mpfr","hash":"oycfdhkfcsstwgt6bnsnch2zfhus7m2w","parameters":{"deptypes":["build","link"],"virtuals":[]}},{"name":"readline","hash":"ztsr7ewq64jpviiskfth6qiis5nqrhec","parameters":{"deptypes":["build","link"],"virtuals":[]}}],"hash":"aybac45ql4moph5kk2txgulxeuzsqhz7"},"nzyky7daejtmyntkuba4hstoahnrdlt4":{"name":"gmp","version":"6.3.0","arch":{"platform":"linux","platform_os":"ubuntu18.04","target":"aarch64"},"compiler":{"name":"gcc","version":"7.5.0"},"namespace":"builtin","parameters":{"build_system":"autotools","cxx":true,"libs":["shared","static"],"cflags":[],"cppflags":[],"cxxflags":[],"fflags":[],"ldflags":[],"ldlibs":[]},"package_hash":"i34t5lcop5qus7ef2hncgmk6tykevn7ksit5bco3tb3me4lo7f6a====","dependencies":[{"name":"autoconf","hash":"mnwdkjqsqrpmz73yl7ljrox3q3gp5p6c","parameters":{"deptypes":["build"],"virtuals":[]}},{"name":"automake","hash":"dnd2kkunzemw3ahklhwqd4y5guw4642f","parameters":{"deptypes":["build"],"virtuals":[]}},{"name":"gcc-runtime","hash":"hf5htnzgbvq5cqnn6uguzhgexga7yedf","parameters":{"deptypes":["link"],"virtuals":[]}},{"name":"glibc","hash":"lqj7p7bx7qmkfc2eegfqk5kkeqbkalsk","parameters":{"deptypes":["link"],"virtuals":["libc"]}},{"name":"gmake","hash":"2dy6vs34awbcqxmlt7nkdzhabnkbegem","parameters":{"deptypes":["build"],"virtuals":[]}},{"name":"gnuconfig","hash":"lxtihcqh6xhvj2f6leadnn2n6hcecev7","parameters":{"deptypes":["build"],"virtuals":[]}},{"name":"libtool","hash":"6yncb7cjrydvbaq7is3n2t6dkylz5xm7","parameters":{"deptypes":["build"],"virtuals":[]}},{"name":"m4","hash":"gu2mdv5q5p6eyz5b4wt2z7gyxpks5oke","parameters":{"deptypes":["build"],"virtuals":[]}}],"hash":"nzyky7daejtmyntkuba4hstoahnrdlt4"},"mnwdkjqsqrpmz73yl7ljrox3q3gp5p6c":{"name":"autoconf","version":"2.72","arch":{"platform":"linux","platform_os":"ubuntu18.04","target":"aarch64"},"compiler":{"name":"gcc","version":"7.5.0"},"namespace":"builtin","parameters":{"build_system":"autotools","cflags":[],"cppflags":[],"cxxflags":[],"fflags":[],"ldflags":[],"ldlibs":[]},"package_hash":"askc5xyyrmnk6zgblxmz6adqqdrq3u3hxm5ce7xinrt2id45djcq====","dependencies":[{"name":"gcc-runtime","hash":"hf5htnzgbvq5cqnn6uguzhgexga7yedf","parameters":{"deptypes":["link"],"virtuals":[]}},{"name":"glibc","hash":"lqj7p7bx7qmkfc2eegfqk5kkeqbkalsk","parameters":{"deptypes":["link"],"virtuals":["libc"]}},{"name":"gmake","hash":"2dy6vs34awbcqxmlt7nkdzhabnkbegem","parameters":{"deptypes":["build"],"virtuals":[]}},{"name":"gnuconfig","hash":"lxtihcqh6xhvj2f6leadnn2n6hcecev7","parameters":{"deptypes":["build"],"virtuals":[]}},{"name":"m4","hash":"gu2mdv5q5p6eyz5b4wt2z7gyxpks5oke","parameters":{"deptypes":["build","run"],"virtuals":[]}},{"name":"perl","hash":"6v7sdleag23ic2t2k2pclhkta2h6qqsr","parameters":{"deptypes":["build","run"],"virtuals":[]}}],"hash":"mnwdkjqsqrpmz73yl7ljrox3q3gp5p6c"},"gu2mdv5q5p6eyz5b4wt2z7gyxpks5oke":{"name":"m4","version":"1.4.19","arch":{"platform":"linux","platform_os":"ubuntu18.04","target":"aarch64"},"compiler":{"name":"gcc","version":"7.5.0"},"namespace":"builtin","parameters":{"build_system":"autotools","patches":["9dc5fbd0d5cb1037ab1e6d0ecc74a30df218d0a94bdd5a02759a97f62daca573","bfdffa7c2eb01021d5849b36972c069693654ad826c1a20b53534009a4ec7a89"],"sigsegv":true,"cflags":[],"cppflags":[],"cxxflags":[],"fflags":[],"ldflags":[],"ldlibs":[]},"patches":["bfdffa7c2eb01021d5849b36972c069693654ad826c1a20b53534009a4ec7a89","9dc5fbd0d5cb1037ab1e6d0ecc74a30df218d0a94bdd5a02759a97f62daca573"],"package_hash":"npb7a53yz7wqx4nvnasxwgzxaoiks6sdjz2eugrgkjxs4ml24xea====","dependencies":[{"name":"diffutils","hash":"tyink3ge7topgrexqdkqerssp2ckfzhy","parameters":{"deptypes":["build"],"virtuals":[]}},{"name":"gcc-runtime","hash":"hf5htnzgbvq5cqnn6uguzhgexga7yedf","parameters":{"deptypes":["link"],"virtuals":[]}},{"name":"glibc","hash":"lqj7p7bx7qmkfc2eegfqk5kkeqbkalsk","parameters":{"deptypes":["link"],"virtuals":["libc"]}},{"name":"gmake","hash":"2dy6vs34awbcqxmlt7nkdzhabnkbegem","parameters":{"deptypes":["build"],"virtuals":[]}},{"name":"gnuconfig","hash":"lxtihcqh6xhvj2f6leadnn2n6hcecev7","parameters":{"deptypes":["build"],"virtuals":[]}},{"name":"libsigsegv","hash":"semfemcdvegoxn2c3rp2brbayqqyjexk","parameters":{"deptypes":["build","link"],"virtuals":[]}}],"hash":"gu2mdv5q5p6eyz5b4wt2z7gyxpks5oke"},"semfemcdvegoxn2c3rp2brbayqqyjexk":{"name":"libsigsegv","version":"2.14","arch":{"platform":"linux","platform_os":"ubuntu18.04","target":"aarch64"},"compiler":{"name":"gcc","version":"7.5.0"},"namespace":"builtin","parameters":{"build_system":"autotools","cflags":[],"cppflags":[],"cxxflags":[],"fflags":[],"ldflags":[],"ldlibs":[]},"package_hash":"3s645t5rbjrziao47mhgob5xgymot6tf4kalagflbal2jdamdo2a====","dependencies":[{"name":"gcc-runtime","hash":"hf5htnzgbvq5cqnn6uguzhgexga7yedf","parameters":{"deptypes":["link"],"virtuals":[]}},{"name":"glibc","hash":"lqj7p7bx7qmkfc2eegfqk5kkeqbkalsk","parameters":{"deptypes":["link"],"virtuals":["libc"]}},{"name":"gmake","hash":"2dy6vs34awbcqxmlt7nkdzhabnkbegem","parameters":{"deptypes":["build"],"virtuals":[]}},{"name":"gnuconfig","hash":"lxtihcqh6xhvj2f6leadnn2n6hcecev7","parameters":{"deptypes":["build"],"virtuals":[]}}],"hash":"semfemcdvegoxn2c3rp2brbayqqyjexk"},"6v7sdleag23ic2t2k2pclhkta2h6qqsr":{"name":"perl","version":"5.40.0","arch":{"platform":"linux","platform_os":"ubuntu18.04","target":"aarch64"},"compiler":{"name":"gcc","version":"7.5.0"},"namespace":"builtin","parameters":{"build_system":"generic","cpanm":true,"opcode":true,"open":true,"shared":true,"threads":true,"cflags":[],"cppflags":[],"cxxflags":[],"fflags":[],"ldflags":[],"ldlibs":[]},"package_hash":"pxno7jsdmrht336njy4tbfoghhzhxg3d5ih7dpfucgwv6j7meg5q====","dependencies":[{"name":"berkeley-db","hash":"3kwifvsbwsub75sc33n6thbsvlmmrxlg","parameters":{"deptypes":["build","link"],"virtuals":[]}},{"name":"bzip2","hash":"2kqy6drlat3z3imrbzaw5v2nb4dybnrw","parameters":{"deptypes":["build","link"],"virtuals":[]}},{"name":"gcc-runtime","hash":"hf5htnzgbvq5cqnn6uguzhgexga7yedf","parameters":{"deptypes":["link"],"virtuals":[]}},{"name":"gdbm","hash":"drsye6ww6r5b5g54yovl7gjtonphhpve","parameters":{"deptypes":["build","link"],"virtuals":[]}},{"name":"glibc","hash":"lqj7p7bx7qmkfc2eegfqk5kkeqbkalsk","parameters":{"deptypes":["link"],"virtuals":["libc"]}},{"name":"gmake","hash":"2dy6vs34awbcqxmlt7nkdzhabnkbegem","parameters":{"deptypes":["build"],"virtuals":[]}},{"name":"zlib-ng","hash":"twtcywma7vepfourbpf2bryasxcn76rv","parameters":{"deptypes":["build","link"],"virtuals":["zlib-api"]}}],"hash":"6v7sdleag23ic2t2k2pclhkta2h6qqsr"},"3kwifvsbwsub75sc33n6thbsvlmmrxlg":{"name":"berkeley-db","version":"18.1.40","arch":{"platform":"linux","platform_os":"ubuntu18.04","target":"aarch64"},"compiler":{"name":"gcc","version":"7.5.0"},"namespace":"builtin","parameters":{"build_system":"autotools","cxx":true,"docs":false,"patches":["26090f418891757af46ac3b89a9f43d6eb5989f7a3dce3d1cfc99fba547203b3","b231fcc4d5cff05e5c3a4814f6a5af0e9a966428dc2176540d2c05aff41de522"],"stl":true,"cflags":[],"cppflags":[],"cxxflags":[],"fflags":[],"ldflags":[],"ldlibs":[]},"patches":["b231fcc4d5cff05e5c3a4814f6a5af0e9a966428dc2176540d2c05aff41de522","26090f418891757af46ac3b89a9f43d6eb5989f7a3dce3d1cfc99fba547203b3"],"package_hash":"h57ydfn33zevvzctzzioiiwjwe362izbbwncb6a26dfeno4y7tda====","dependencies":[{"name":"gcc-runtime","hash":"hf5htnzgbvq5cqnn6uguzhgexga7yedf","parameters":{"deptypes":["link"],"virtuals":[]}},{"name":"glibc","hash":"lqj7p7bx7qmkfc2eegfqk5kkeqbkalsk","parameters":{"deptypes":["link"],"virtuals":["libc"]}},{"name":"gmake","hash":"2dy6vs34awbcqxmlt7nkdzhabnkbegem","parameters":{"deptypes":["build"],"virtuals":[]}},{"name":"gnuconfig","hash":"lxtihcqh6xhvj2f6leadnn2n6hcecev7","parameters":{"deptypes":["build"],"virtuals":[]}}],"hash":"3kwifvsbwsub75sc33n6thbsvlmmrxlg"},"2kqy6drlat3z3imrbzaw5v2nb4dybnrw":{"name":"bzip2","version":"1.0.8","arch":{"platform":"linux","platform_os":"ubuntu18.04","target":"aarch64"},"compiler":{"name":"gcc","version":"7.5.0"},"namespace":"builtin","parameters":{"build_system":"generic","debug":false,"pic":false,"shared":true,"cflags":[],"cppflags":[],"cxxflags":[],"fflags":[],"ldflags":[],"ldlibs":[]},"package_hash":"jb7yvhkifmvfl3ykmdulsjxkkulker6gqb5tadollyjt2ijg3zsa====","dependencies":[{"name":"diffutils","hash":"tyink3ge7topgrexqdkqerssp2ckfzhy","parameters":{"deptypes":["build"],"virtuals":[]}},{"name":"gcc-runtime","hash":"hf5htnzgbvq5cqnn6uguzhgexga7yedf","parameters":{"deptypes":["link"],"virtuals":[]}},{"name":"glibc","hash":"lqj7p7bx7qmkfc2eegfqk5kkeqbkalsk","parameters":{"deptypes":["link"],"virtuals":["libc"]}},{"name":"gmake","hash":"2dy6vs34awbcqxmlt7nkdzhabnkbegem","parameters":{"deptypes":["build"],"virtuals":[]}}],"hash":"2kqy6drlat3z3imrbzaw5v2nb4dybnrw"},"drsye6ww6r5b5g54yovl7gjtonphhpve":{"name":"gdbm","version":"1.23","arch":{"platform":"linux","platform_os":"ubuntu18.04","target":"aarch64"},"compiler":{"name":"gcc","version":"7.5.0"},"namespace":"builtin","parameters":{"build_system":"autotools","cflags":[],"cppflags":[],"cxxflags":[],"fflags":[],"ldflags":[],"ldlibs":[]},"package_hash":"liepxl6phlcxbgfmibxafhewtihlgaa4x3hko37ckqlafhxkrgdq====","dependencies":[{"name":"gcc-runtime","hash":"hf5htnzgbvq5cqnn6uguzhgexga7yedf","parameters":{"deptypes":["link"],"virtuals":[]}},{"name":"glibc","hash":"lqj7p7bx7qmkfc2eegfqk5kkeqbkalsk","parameters":{"deptypes":["link"],"virtuals":["libc"]}},{"name":"gmake","hash":"2dy6vs34awbcqxmlt7nkdzhabnkbegem","parameters":{"deptypes":["build"],"virtuals":[]}},{"name":"gnuconfig","hash":"lxtihcqh6xhvj2f6leadnn2n6hcecev7","parameters":{"deptypes":["build"],"virtuals":[]}},{"name":"readline","hash":"ztsr7ewq64jpviiskfth6qiis5nqrhec","parameters":{"deptypes":["build","link"],"virtuals":[]}}],"hash":"drsye6ww6r5b5g54yovl7gjtonphhpve"},"ztsr7ewq64jpviiskfth6qiis5nqrhec":{"name":"readline","version":"8.2","arch":{"platform":"linux","platform_os":"ubuntu18.04","target":"aarch64"},"compiler":{"name":"gcc","version":"7.5.0"},"namespace":"builtin","parameters":{"build_system":"autotools","patches":["bbf97f1ec40a929edab5aa81998c1e2ef435436c597754916e6a5868f273aff7"],"cflags":[],"cppflags":[],"cxxflags":[],"fflags":[],"ldflags":[],"ldlibs":[]},"patches":["bbf97f1ec40a929edab5aa81998c1e2ef435436c597754916e6a5868f273aff7"],"package_hash":"oww6dmr7xqgg6j7iiluonxbcl4irqnnrip4vfkjdwujncwnuhwuq====","dependencies":[{"name":"gcc-runtime","hash":"hf5htnzgbvq5cqnn6uguzhgexga7yedf","parameters":{"deptypes":["link"],"virtuals":[]}},{"name":"glibc","hash":"lqj7p7bx7qmkfc2eegfqk5kkeqbkalsk","parameters":{"deptypes":["link"],"virtuals":["libc"]}},{"name":"gmake","hash":"2dy6vs34awbcqxmlt7nkdzhabnkbegem","parameters":{"deptypes":["build"],"virtuals":[]}},{"name":"gnuconfig","hash":"lxtihcqh6xhvj2f6leadnn2n6hcecev7","parameters":{"deptypes":["build"],"virtuals":[]}},{"name":"ncurses","hash":"pgonsjskwht5kjx6z36worue2gi5cdea","parameters":{"deptypes":["build","link"],"virtuals":[]}}],"hash":"ztsr7ewq64jpviiskfth6qiis5nqrhec"},"pgonsjskwht5kjx6z36worue2gi5cdea":{"name":"ncurses","version":"6.5","arch":{"platform":"linux","platform_os":"ubuntu18.04","target":"aarch64"},"compiler":{"name":"gcc","version":"7.5.0"},"namespace":"builtin","parameters":{"abi":"none","build_system":"autotools","patches":["7a351bc4953a4ab70dabdbea31c8db0c03d40ce505335f3b6687180dde24c535"],"symlinks":false,"termlib":true,"cflags":[],"cppflags":[],"cxxflags":[],"fflags":[],"ldflags":[],"ldlibs":[]},"patches":["7a351bc4953a4ab70dabdbea31c8db0c03d40ce505335f3b6687180dde24c535"],"package_hash":"rlqzqxoau3wwzu62x6qxlf4flon6b4n3p4zesnc6t2oyybrvnkwq====","dependencies":[{"name":"gcc-runtime","hash":"hf5htnzgbvq5cqnn6uguzhgexga7yedf","parameters":{"deptypes":["link"],"virtuals":[]}},{"name":"glibc","hash":"lqj7p7bx7qmkfc2eegfqk5kkeqbkalsk","parameters":{"deptypes":["link"],"virtuals":["libc"]}},{"name":"gmake","hash":"2dy6vs34awbcqxmlt7nkdzhabnkbegem","parameters":{"deptypes":["build"],"virtuals":[]}},{"name":"gnuconfig","hash":"lxtihcqh6xhvj2f6leadnn2n6hcecev7","parameters":{"deptypes":["build"],"virtuals":[]}},{"name":"pkgconf","hash":"5jw3t5tnvcx2b344roq5upxrj5rn2oxg","parameters":{"deptypes":["build"],"virtuals":["pkgconfig"]}}],"hash":"pgonsjskwht5kjx6z36worue2gi5cdea"},"dnd2kkunzemw3ahklhwqd4y5guw4642f":{"name":"automake","version":"1.16.5","arch":{"platform":"linux","platform_os":"ubuntu18.04","target":"aarch64"},"compiler":{"name":"gcc","version":"7.5.0"},"namespace":"builtin","parameters":{"build_system":"autotools","cflags":[],"cppflags":[],"cxxflags":[],"fflags":[],"ldflags":[],"ldlibs":[]},"package_hash":"xesxwq2mcnt7tprtdvz6vpg2g6r5b5oyo5ltf7e6rfoypmsbzmrq====","dependencies":[{"name":"autoconf","hash":"mnwdkjqsqrpmz73yl7ljrox3q3gp5p6c","parameters":{"deptypes":["build"],"virtuals":[]}},{"name":"gcc-runtime","hash":"hf5htnzgbvq5cqnn6uguzhgexga7yedf","parameters":{"deptypes":["link"],"virtuals":[]}},{"name":"glibc","hash":"lqj7p7bx7qmkfc2eegfqk5kkeqbkalsk","parameters":{"deptypes":["link"],"virtuals":["libc"]}},{"name":"gmake","hash":"2dy6vs34awbcqxmlt7nkdzhabnkbegem","parameters":{"deptypes":["build"],"virtuals":[]}},{"name":"gnuconfig","hash":"lxtihcqh6xhvj2f6leadnn2n6hcecev7","parameters":{"deptypes":["build"],"virtuals":[]}},{"name":"perl","hash":"6v7sdleag23ic2t2k2pclhkta2h6qqsr","parameters":{"deptypes":["build","run"],"virtuals":[]}}],"hash":"dnd2kkunzemw3ahklhwqd4y5guw4642f"},"6yncb7cjrydvbaq7is3n2t6dkylz5xm7":{"name":"libtool","version":"2.4.7","arch":{"platform":"linux","platform_os":"ubuntu18.04","target":"aarch64"},"compiler":{"name":"gcc","version":"7.5.0"},"namespace":"builtin","parameters":{"build_system":"autotools","cflags":[],"cppflags":[],"cxxflags":[],"fflags":[],"ldflags":[],"ldlibs":[]},"package_hash":"7lyavyiwpnrhw7tfv5vgri32at345gdegbixiskk63ext2f5rzza====","dependencies":[{"name":"findutils","hash":"a5awenotagy3rbvobshdfzlqmqsrnw3o","parameters":{"deptypes":["run"],"virtuals":[]}},{"name":"gcc-runtime","hash":"hf5htnzgbvq5cqnn6uguzhgexga7yedf","parameters":{"deptypes":["link"],"virtuals":[]}},{"name":"glibc","hash":"lqj7p7bx7qmkfc2eegfqk5kkeqbkalsk","parameters":{"deptypes":["link"],"virtuals":["libc"]}},{"name":"gmake","hash":"2dy6vs34awbcqxmlt7nkdzhabnkbegem","parameters":{"deptypes":["build"],"virtuals":[]}},{"name":"gnuconfig","hash":"lxtihcqh6xhvj2f6leadnn2n6hcecev7","parameters":{"deptypes":["build"],"virtuals":[]}},{"name":"m4","hash":"gu2mdv5q5p6eyz5b4wt2z7gyxpks5oke","parameters":{"deptypes":["build"],"virtuals":[]}}],"hash":"6yncb7cjrydvbaq7is3n2t6dkylz5xm7"},"a5awenotagy3rbvobshdfzlqmqsrnw3o":{"name":"findutils","version":"4.9.0","arch":{"platform":"linux","platform_os":"ubuntu18.04","target":"aarch64"},"compiler":{"name":"gcc","version":"7.5.0"},"namespace":"builtin","parameters":{"build_system":"autotools","patches":["440b9543365b4692a2e6e0b5674809659846658d34d1dfc542c4397c8d668b92"],"cflags":[],"cppflags":[],"cxxflags":[],"fflags":[],"ldflags":[],"ldlibs":[]},"patches":["440b9543365b4692a2e6e0b5674809659846658d34d1dfc542c4397c8d668b92"],"package_hash":"bo3pd5cjg27xg6plm5x6znimvxfa2rj4br754j67zlk363w2hxvq====","dependencies":[{"name":"gcc-runtime","hash":"hf5htnzgbvq5cqnn6uguzhgexga7yedf","parameters":{"deptypes":["link"],"virtuals":[]}},{"name":"glibc","hash":"lqj7p7bx7qmkfc2eegfqk5kkeqbkalsk","parameters":{"deptypes":["link"],"virtuals":["libc"]}},{"name":"gmake","hash":"2dy6vs34awbcqxmlt7nkdzhabnkbegem","parameters":{"deptypes":["build"],"virtuals":[]}},{"name":"gnuconfig","hash":"lxtihcqh6xhvj2f6leadnn2n6hcecev7","parameters":{"deptypes":["build"],"virtuals":[]}}],"hash":"a5awenotagy3rbvobshdfzlqmqsrnw3o"},"oycfdhkfcsstwgt6bnsnch2zfhus7m2w":{"name":"mpfr","version":"4.2.1","arch":{"platform":"linux","platform_os":"ubuntu18.04","target":"aarch64"},"compiler":{"name":"gcc","version":"7.5.0"},"namespace":"builtin","parameters":{"build_system":"autotools","libs":["shared","static"],"cflags":[],"cppflags":[],"cxxflags":[],"fflags":[],"ldflags":[],"ldlibs":[]},"package_hash":"fjdpxtxyom6yhygj44hzggoiddo7i6iqhlk65fve77c2w5migb5a====","dependencies":[{"name":"autoconf","hash":"mnwdkjqsqrpmz73yl7ljrox3q3gp5p6c","parameters":{"deptypes":["build"],"virtuals":[]}},{"name":"autoconf-archive","hash":"zzqjdcgprkvaifggftcovoik3dcqgjop","parameters":{"deptypes":["build"],"virtuals":[]}},{"name":"automake","hash":"dnd2kkunzemw3ahklhwqd4y5guw4642f","parameters":{"deptypes":["build"],"virtuals":[]}},{"name":"gcc-runtime","hash":"hf5htnzgbvq5cqnn6uguzhgexga7yedf","parameters":{"deptypes":["link"],"virtuals":[]}},{"name":"glibc","hash":"lqj7p7bx7qmkfc2eegfqk5kkeqbkalsk","parameters":{"deptypes":["link"],"virtuals":["libc"]}},{"name":"gmake","hash":"2dy6vs34awbcqxmlt7nkdzhabnkbegem","parameters":{"deptypes":["build"],"virtuals":[]}},{"name":"gmp","hash":"nzyky7daejtmyntkuba4hstoahnrdlt4","parameters":{"deptypes":["build","link"],"virtuals":[]}},{"name":"gnuconfig","hash":"lxtihcqh6xhvj2f6leadnn2n6hcecev7","parameters":{"deptypes":["build"],"virtuals":[]}},{"name":"libtool","hash":"6yncb7cjrydvbaq7is3n2t6dkylz5xm7","parameters":{"deptypes":["build"],"virtuals":[]}},{"name":"m4","hash":"gu2mdv5q5p6eyz5b4wt2z7gyxpks5oke","parameters":{"deptypes":["build"],"virtuals":[]}},{"name":"texinfo","hash":"bii6ghirr4fvuc4k5532hqo4khsmn2dp","parameters":{"deptypes":["build"],"virtuals":[]}}],"hash":"oycfdhkfcsstwgt6bnsnch2zfhus7m2w"},"zzqjdcgprkvaifggftcovoik3dcqgjop":{"name":"autoconf-archive","version":"2023.02.20","arch":{"platform":"linux","platform_os":"ubuntu18.04","target":"aarch64"},"compiler":{"name":"gcc","version":"7.5.0"},"namespace":"builtin","parameters":{"build_system":"autotools","cflags":[],"cppflags":[],"cxxflags":[],"fflags":[],"ldflags":[],"ldlibs":[]},"package_hash":"alaqrobe65z2evmo3p23j6mk4sbunn2bkxmcbtwdkpuxsgzfhhsq====","dependencies":[{"name":"gcc-runtime","hash":"hf5htnzgbvq5cqnn6uguzhgexga7yedf","parameters":{"deptypes":["link"],"virtuals":[]}},{"name":"glibc","hash":"lqj7p7bx7qmkfc2eegfqk5kkeqbkalsk","parameters":{"deptypes":["link"],"virtuals":["libc"]}},{"name":"gmake","hash":"2dy6vs34awbcqxmlt7nkdzhabnkbegem","parameters":{"deptypes":["build"],"virtuals":[]}},{"name":"gnuconfig","hash":"lxtihcqh6xhvj2f6leadnn2n6hcecev7","parameters":{"deptypes":["build"],"virtuals":[]}}],"hash":"zzqjdcgprkvaifggftcovoik3dcqgjop"},"bii6ghirr4fvuc4k5532hqo4khsmn2dp":{"name":"texinfo","version":"7.1","arch":{"platform":"linux","platform_os":"ubuntu18.04","target":"aarch64"},"compiler":{"name":"gcc","version":"7.5.0"},"namespace":"builtin","parameters":{"build_system":"autotools","cflags":[],"cppflags":[],"cxxflags":[],"fflags":[],"ldflags":[],"ldlibs":[]},"package_hash":"r7trpjoaemxuju25fl673d4etfhbg3tqau666tqba7z3n6434naa====","dependencies":[{"name":"gcc-runtime","hash":"hf5htnzgbvq5cqnn6uguzhgexga7yedf","parameters":{"deptypes":["link"],"virtuals":[]}},{"name":"gettext","hash":"25bbyelk6c3d73rj2beh26q7st7hhbtf","parameters":{"deptypes":["build","link"],"virtuals":[]}},{"name":"glibc","hash":"lqj7p7bx7qmkfc2eegfqk5kkeqbkalsk","parameters":{"deptypes":["link"],"virtuals":["libc"]}},{"name":"gmake","hash":"2dy6vs34awbcqxmlt7nkdzhabnkbegem","parameters":{"deptypes":["build"],"virtuals":[]}},{"name":"gnuconfig","hash":"lxtihcqh6xhvj2f6leadnn2n6hcecev7","parameters":{"deptypes":["build"],"virtuals":[]}},{"name":"ncurses","hash":"pgonsjskwht5kjx6z36worue2gi5cdea","parameters":{"deptypes":["build","link"],"virtuals":[]}},{"name":"perl","hash":"6v7sdleag23ic2t2k2pclhkta2h6qqsr","parameters":{"deptypes":["build","link"],"virtuals":[]}}],"hash":"bii6ghirr4fvuc4k5532hqo4khsmn2dp"},"25bbyelk6c3d73rj2beh26q7st7hhbtf":{"name":"gettext","version":"0.22.5","arch":{"platform":"linux","platform_os":"ubuntu18.04","target":"aarch64"},"compiler":{"name":"gcc","version":"7.5.0"},"namespace":"builtin","parameters":{"build_system":"autotools","bzip2":true,"curses":true,"git":true,"libunistring":false,"libxml2":true,"pic":true,"shared":true,"tar":true,"xz":true,"cflags":[],"cppflags":[],"cxxflags":[],"fflags":[],"ldflags":[],"ldlibs":[]},"package_hash":"d4zxhmw6rownaaokzcolsszrq2cmx44m7qmzopucymoyrhbdfgvq====","dependencies":[{"name":"bzip2","hash":"2kqy6drlat3z3imrbzaw5v2nb4dybnrw","parameters":{"deptypes":["build","link"],"virtuals":[]}},{"name":"gcc-runtime","hash":"hf5htnzgbvq5cqnn6uguzhgexga7yedf","parameters":{"deptypes":["link"],"virtuals":[]}},{"name":"glibc","hash":"lqj7p7bx7qmkfc2eegfqk5kkeqbkalsk","parameters":{"deptypes":["link"],"virtuals":["libc"]}},{"name":"gmake","hash":"2dy6vs34awbcqxmlt7nkdzhabnkbegem","parameters":{"deptypes":["build"],"virtuals":[]}},{"name":"gnuconfig","hash":"lxtihcqh6xhvj2f6leadnn2n6hcecev7","parameters":{"deptypes":["build"],"virtuals":[]}},{"name":"libiconv","hash":"sd6qkgppmfrbodrh6t276xab7y2yyehj","parameters":{"deptypes":["build","link"],"virtuals":["iconv"]}},{"name":"libxml2","hash":"qwwt2ij2mt3yc2fz6bckrzr5eto6ttdr","parameters":{"deptypes":["build","link"],"virtuals":[]}},{"name":"ncurses","hash":"pgonsjskwht5kjx6z36worue2gi5cdea","parameters":{"deptypes":["build","link"],"virtuals":[]}},{"name":"tar","hash":"7ryaehl2ourb6mj3vingv6624wlsmp4s","parameters":{"deptypes":["run"],"virtuals":[]}},{"name":"xz","hash":"jompn3jd6zfer7dn727eya2mlknzc2y2","parameters":{"deptypes":["build","link","run"],"virtuals":[]}}],"hash":"25bbyelk6c3d73rj2beh26q7st7hhbtf"},"qwwt2ij2mt3yc2fz6bckrzr5eto6ttdr":{"name":"libxml2","version":"2.13.4","arch":{"platform":"linux","platform_os":"ubuntu18.04","target":"aarch64"},"compiler":{"name":"gcc","version":"7.5.0"},"namespace":"builtin","parameters":{"build_system":"autotools","pic":true,"python":false,"shared":true,"cflags":[],"cppflags":[],"cxxflags":[],"fflags":[],"ldflags":[],"ldlibs":[]},"package_hash":"6jx45feizoruipwccklg7pizfosybiwplmw7hbe5yoouans5tjgq====","dependencies":[{"name":"gcc-runtime","hash":"hf5htnzgbvq5cqnn6uguzhgexga7yedf","parameters":{"deptypes":["link"],"virtuals":[]}},{"name":"glibc","hash":"lqj7p7bx7qmkfc2eegfqk5kkeqbkalsk","parameters":{"deptypes":["link"],"virtuals":["libc"]}},{"name":"gmake","hash":"2dy6vs34awbcqxmlt7nkdzhabnkbegem","parameters":{"deptypes":["build"],"virtuals":[]}},{"name":"gnuconfig","hash":"lxtihcqh6xhvj2f6leadnn2n6hcecev7","parameters":{"deptypes":["build"],"virtuals":[]}},{"name":"libiconv","hash":"sd6qkgppmfrbodrh6t276xab7y2yyehj","parameters":{"deptypes":["build","link"],"virtuals":["iconv"]}},{"name":"pkgconf","hash":"5jw3t5tnvcx2b344roq5upxrj5rn2oxg","parameters":{"deptypes":["build"],"virtuals":["pkgconfig"]}},{"name":"xz","hash":"jompn3jd6zfer7dn727eya2mlknzc2y2","parameters":{"deptypes":["build","link"],"virtuals":[]}},{"name":"zlib-ng","hash":"twtcywma7vepfourbpf2bryasxcn76rv","parameters":{"deptypes":["build","link"],"virtuals":["zlib-api"]}}],"hash":"qwwt2ij2mt3yc2fz6bckrzr5eto6ttdr"},"jompn3jd6zfer7dn727eya2mlknzc2y2":{"name":"xz","version":"5.4.6","arch":{"platform":"linux","platform_os":"ubuntu18.04","target":"aarch64"},"compiler":{"name":"gcc","version":"7.5.0"},"namespace":"builtin","parameters":{"build_system":"autotools","libs":["shared","static"],"pic":false,"cflags":[],"cppflags":[],"cxxflags":[],"fflags":[],"ldflags":[],"ldlibs":[]},"package_hash":"zt5vu2vph2v2qjwgdbe7btgcz7axpyalorcsqiuxhrg5grwgrrvq====","dependencies":[{"name":"gcc-runtime","hash":"hf5htnzgbvq5cqnn6uguzhgexga7yedf","parameters":{"deptypes":["link"],"virtuals":[]}},{"name":"glibc","hash":"lqj7p7bx7qmkfc2eegfqk5kkeqbkalsk","parameters":{"deptypes":["link"],"virtuals":["libc"]}},{"name":"gmake","hash":"2dy6vs34awbcqxmlt7nkdzhabnkbegem","parameters":{"deptypes":["build"],"virtuals":[]}},{"name":"gnuconfig","hash":"lxtihcqh6xhvj2f6leadnn2n6hcecev7","parameters":{"deptypes":["build"],"virtuals":[]}}],"hash":"jompn3jd6zfer7dn727eya2mlknzc2y2"},"7ryaehl2ourb6mj3vingv6624wlsmp4s":{"name":"tar","version":"1.35","arch":{"platform":"linux","platform_os":"ubuntu18.04","target":"aarch64"},"compiler":{"name":"gcc","version":"7.5.0"},"namespace":"builtin","parameters":{"build_system":"autotools","zip":"pigz","cflags":[],"cppflags":[],"cxxflags":[],"fflags":[],"ldflags":[],"ldlibs":[]},"package_hash":"v6a6jvks2setklucxyk622uauxzqlgmsdkrvdijbi3m5jwftmzla====","dependencies":[{"name":"bzip2","hash":"2kqy6drlat3z3imrbzaw5v2nb4dybnrw","parameters":{"deptypes":["run"],"virtuals":[]}},{"name":"gcc-runtime","hash":"hf5htnzgbvq5cqnn6uguzhgexga7yedf","parameters":{"deptypes":["link"],"virtuals":[]}},{"name":"glibc","hash":"lqj7p7bx7qmkfc2eegfqk5kkeqbkalsk","parameters":{"deptypes":["link"],"virtuals":["libc"]}},{"name":"gmake","hash":"2dy6vs34awbcqxmlt7nkdzhabnkbegem","parameters":{"deptypes":["build"],"virtuals":[]}},{"name":"gnuconfig","hash":"lxtihcqh6xhvj2f6leadnn2n6hcecev7","parameters":{"deptypes":["build"],"virtuals":[]}},{"name":"libiconv","hash":"sd6qkgppmfrbodrh6t276xab7y2yyehj","parameters":{"deptypes":["build","link"],"virtuals":["iconv"]}},{"name":"pigz","hash":"wafzrzgq4otbfhmsuzthrz2ggc4sb7hk","parameters":{"deptypes":["run"],"virtuals":[]}},{"name":"xz","hash":"jompn3jd6zfer7dn727eya2mlknzc2y2","parameters":{"deptypes":["run"],"virtuals":[]}},{"name":"zstd","hash":"hj6nppd4kaja665flutjo2czed73uf74","parameters":{"deptypes":["run"],"virtuals":[]}}],"hash":"7ryaehl2ourb6mj3vingv6624wlsmp4s"},"wafzrzgq4otbfhmsuzthrz2ggc4sb7hk":{"name":"pigz","version":"2.8","arch":{"platform":"linux","platform_os":"ubuntu18.04","target":"aarch64"},"compiler":{"name":"gcc","version":"7.5.0"},"namespace":"builtin","parameters":{"build_system":"makefile","cflags":[],"cppflags":[],"cxxflags":[],"fflags":[],"ldflags":[],"ldlibs":[]},"package_hash":"4w67lflje4giekjg4ie2vpyuiunjcumo6geofykvon3hodllp42q====","dependencies":[{"name":"gcc-runtime","hash":"hf5htnzgbvq5cqnn6uguzhgexga7yedf","parameters":{"deptypes":["link"],"virtuals":[]}},{"name":"glibc","hash":"lqj7p7bx7qmkfc2eegfqk5kkeqbkalsk","parameters":{"deptypes":["link"],"virtuals":["libc"]}},{"name":"gmake","hash":"2dy6vs34awbcqxmlt7nkdzhabnkbegem","parameters":{"deptypes":["build"],"virtuals":[]}},{"name":"zlib-ng","hash":"twtcywma7vepfourbpf2bryasxcn76rv","parameters":{"deptypes":["build","link"],"virtuals":["zlib-api"]}}],"hash":"wafzrzgq4otbfhmsuzthrz2ggc4sb7hk"},"akqoaufesyqfs4cguym7okxjlmbxmgyg":{"name":"mpc","version":"1.3.1","arch":{"platform":"linux","platform_os":"ubuntu18.04","target":"aarch64"},"compiler":{"name":"gcc","version":"7.5.0"},"namespace":"builtin","parameters":{"build_system":"autotools","libs":["shared","static"],"cflags":[],"cppflags":[],"cxxflags":[],"fflags":[],"ldflags":[],"ldlibs":[]},"package_hash":"webjlp34evhh4wauduchhdv4t35ibc3ifgq4ep4q6su5lauip6ha====","dependencies":[{"name":"gcc-runtime","hash":"hf5htnzgbvq5cqnn6uguzhgexga7yedf","parameters":{"deptypes":["link"],"virtuals":[]}},{"name":"glibc","hash":"lqj7p7bx7qmkfc2eegfqk5kkeqbkalsk","parameters":{"deptypes":["link"],"virtuals":["libc"]}},{"name":"gmake","hash":"2dy6vs34awbcqxmlt7nkdzhabnkbegem","parameters":{"deptypes":["build"],"virtuals":[]}},{"name":"gmp","hash":"nzyky7daejtmyntkuba4hstoahnrdlt4","parameters":{"deptypes":["build","link"],"virtuals":[]}},{"name":"gnuconfig","hash":"lxtihcqh6xhvj2f6leadnn2n6hcecev7","parameters":{"deptypes":["build"],"virtuals":[]}},{"name":"mpfr","hash":"oycfdhkfcsstwgt6bnsnch2zfhus7m2w","parameters":{"deptypes":["build","link"],"virtuals":[]}}],"hash":"akqoaufesyqfs4cguym7okxjlmbxmgyg"}}}